
Microsoft Visual Studio Solution File, Format Version 12.00
# Visual Studio Version 17
VisualStudioVersion = 17.13.35825.156 d17.13
MinimumVisualStudioVersion = 10.0.40219.1
Project("{FAE04EC0-301F-11D3-BF4B-00C04F79EFBC}") = "VerificacionEdad", "VerificacionEdad.csproj", "{318E8729-0A66-4F29-8AB7-748AD41A71D4}"
EndProject
Project("{FAE04EC0-301F-11D3-BF4B-00C04F79EFBC}") = "VerificacionEdadTest", "..\VerificacionEdadTest\VerificacionEdadTest.csproj", "{D8497AC1-9D1F-400C-BE33-4E825CACDDB3}"
EndProject
Global
	GlobalSection(SolutionConfigurationPlatforms) = preSolution
		Debug|Any CPU = Debug|Any CPU
		Release|Any CPU = Release|Any CPU
	EndGlobalSection
	GlobalSection(ProjectConfigurationPlatforms) = postSolution
		{318E8729-0A66-4F29-8AB7-748AD41A71D4}.Debug|Any CPU.ActiveCfg = Debug|Any CPU
		{318E8729-0A66-4F29-8AB7-748AD41A71D4}.Debug|Any CPU.Build.0 = Debug|Any CPU
		{318E8729-0A66-4F29-8AB7-748AD41A71D4}.Release|Any CPU.ActiveCfg = Release|Any CPU
		{318E8729-0A66-4F29-8AB7-748AD41A71D4}.Release|Any CPU.Build.0 = Release|Any CPU
		{D8497AC1-9D1F-400C-BE33-4E825CACDDB3}.Debug|Any CPU.ActiveCfg = Debug|Any CPU
		{D8497AC1-9D1F-400C-BE33-4E825CACDDB3}.Debug|Any CPU.Build.0 = Debug|Any CPU
		{D8497AC1-9D1F-400C-BE33-4E825CACDDB3}.Release|Any CPU.ActiveCfg = Release|Any CPU
		{D8497AC1-9D1F-400C-BE33-4E825CACDDB3}.Release|Any CPU.Build.0 = Release|Any CPU
	EndGlobalSection
	GlobalSection(SolutionProperties) = preSolution
		HideSolutionNode = FALSE
	EndGlobalSection
	GlobalSection(ExtensibilityGlobals) = postSolution
		SolutionGuid = {D95967DF-9812-44E5-B7FB-FF8B11A64E4F}
	EndGlobalSection
EndGlobal
